%{
  "connection": {:hex, :connection, "1.0.4", "a1cae72211f0eef17705aaededacac3eb30e6625b04a6117c1b2db6ace7d5976", [:mix], [], "hexpm", "4a0850c9be22a43af9920a71ab17c051f5f7d45c209e40269a1938832510e4d9"},
  "db_connection": {:hex, :db_connection, "2.2.2", "3bbca41b199e1598245b716248964926303b5d4609ff065125ce98bcd368939e", [:mix], [{:connection, "~> 1.0.2", [hex: :connection, repo: "hexpm", optional: false]}], "hexpm", "642af240d8a8affb93b4ba5a6fcd2bbcbdc327e1a524b825d383711536f8070c"},
  "decimal": {:hex, :decimal, "1.8.1", "a4ef3f5f3428bdbc0d35374029ffcf4ede8533536fa79896dd450168d9acdf3c", [:mix], [], "hexpm", "3cb154b00225ac687f6cbd4acc4b7960027c757a5152b369923ead9ddbca7aec"},
  "dialyxir": {:hex, :dialyxir, "1.0.0", "6a1fa629f7881a9f5aaf3a78f094b2a51a0357c843871b8bc98824e7342d00a5", [:mix], [{:erlex, ">= 0.2.6", [hex: :erlex, repo: "hexpm", optional: false]}], "hexpm", "aeb06588145fac14ca08d8061a142d52753dbc2cf7f0d00fc1013f53f8654654"},
  "earmark": {:hex, :earmark, "1.4.10", "bddce5e8ea37712a5bfb01541be8ba57d3b171d3fa4f80a0be9bcf1db417bcaf", [:mix], [{:earmark_parser, ">= 1.4.10", [hex: :earmark_parser, repo: "hexpm", optional: false]}], "hexpm", "12dbfa80810478e521d3ffb941ad9fbfcbbd7debe94e1341b4c4a1b2411c1c27"},
  "earmark_parser": {:hex, :earmark_parser, "1.4.10", "6603d7a603b9c18d3d20db69921527f82ef09990885ed7525003c7fe7dc86c56", [:mix], [], "hexpm", "8e2d5370b732385db2c9b22215c3f59c84ac7dda7ed7e544d7c459496ae519c0"},
  "ecto": {:hex, :ecto, "3.4.6", "08f7afad3257d6eb8613309af31037e16c36808dfda5a3cd0cb4e9738db030e4", [:mix], [{:decimal, "~> 1.6 or ~> 2.0", [hex: :decimal, repo: "hexpm", optional: false]}, {:jason, "~> 1.0", [hex: :jason, repo: "hexpm", optional: true]}, {:telemetry, "~> 0.4", [hex: :telemetry, repo: "hexpm", optional: false]}], "hexpm", "6f13a9e2a62e75c2dcfc7207bfc65645ab387af8360db4c89fee8b5a4bf3f70b"},
  "ecto_sql": {:hex, :ecto_sql, "3.4.5", "30161f81b167d561a9a2df4329c10ae05ff36eca7ccc84628f2c8b9fa1e43323", [:mix], [{:db_connection, "~> 2.2", [hex: :db_connection, repo: "hexpm", optional: false]}, {:ecto, "~> 3.4.3", [hex: :ecto, repo: "hexpm", optional: false]}, {:myxql, "~> 0.3.0 or ~> 0.4.0", [hex: :myxql, repo: "hexpm", optional: true]}, {:postgrex, "~> 0.15.0", [hex: :postgrex, repo: "hexpm", optional: true]}, {:tds, "~> 2.1.0", [hex: :tds, repo: "hexpm", optional: true]}, {:telemetry, "~> 0.4.0", [hex: :telemetry, repo: "hexpm", optional: false]}], "hexpm", "31990c6a3579b36a3c0841d34a94c275e727de8b84f58509da5f1b2032c98ac2"},
  "erlex": {:hex, :erlex, "0.2.6", "c7987d15e899c7a2f34f5420d2a2ea0d659682c06ac607572df55a43753aa12e", [:mix], [], "hexpm", "2ed2e25711feb44d52b17d2780eabf998452f6efda104877a3881c2f8c0c0c75"},
  "ex_doc": {:hex, :ex_doc, "0.22.2", "03a2a58bdd2ba0d83d004507c4ee113b9c521956938298eba16e55cc4aba4a6c", [:mix], [{:earmark_parser, "~> 1.4.0", [hex: :earmark_parser, repo: "hexpm", optional: false]}, {:makeup_elixir, "~> 0.14", [hex: :makeup_elixir, repo: "hexpm", optional: false]}], "hexpm", "cf60e1b3e2efe317095b6bb79651f83a2c1b3edcb4d319c421d7fcda8b3aff26"},
  "makeup": {:hex, :makeup, "1.0.3", "e339e2f766d12e7260e6672dd4047405963c5ec99661abdc432e6ec67d29ef95", [:mix], [{:nimble_parsec, "~> 0.5", [hex: :nimble_parsec, repo: "hexpm", optional: false]}], "hexpm", "2e9b4996d11832947731f7608fed7ad2f9443011b3b479ae288011265cdd3dad"},
  "makeup_elixir": {:hex, :makeup_elixir, "0.14.1", "4f0e96847c63c17841d42c08107405a005a2680eb9c7ccadfd757bd31dabccfb", [:mix], [{:makeup, "~> 1.0", [hex: :makeup, repo: "hexpm", optional: false]}], "hexpm", "f2438b1a80eaec9ede832b5c41cd4f373b38fd7aa33e3b22d9db79e640cbde11"},
  "nimble_parsec": {:hex, :nimble_parsec, "0.6.0", "32111b3bf39137144abd7ba1cce0914533b2d16ef35e8abc5ec8be6122944263", [:mix], [], "hexpm", "27eac315a94909d4dc68bc07a4a83e06c8379237c5ea528a9acff4ca1c873c52"},
  "postgrex": {:hex, :postgrex, "0.15.5", "aec40306a622d459b01bff890fa42f1430dac61593b122754144ad9033a2152f", [:mix], [{:connection, "~> 1.0", [hex: :connection, repo: "hexpm", optional: false]}, {:db_connection, "~> 2.1", [hex: :db_connection, repo: "hexpm", optional: false]}, {:decimal, "~> 1.5", [hex: :decimal, repo: "hexpm", optional: false]}, {:jason, "~> 1.0", [hex: :jason, repo: "hexpm", optional: true]}], "hexpm", "ed90c81e1525f65a2ba2279dbcebf030d6d13328daa2f8088b9661eb9143af7f"},
  "scrivener": {:hex, :scrivener, "2.7.0", "fa94cdea21fad0649921d8066b1833d18d296217bfdf4a5389a2f45ee857b773", [:mix], [], "hexpm", "30da36a427f2519cf75993271fb7c5aad1759682a70f90d880a85c3d743d2c57"},
  "telemetry": {:hex, :telemetry, "0.4.2", "2808c992455e08d6177322f14d3bdb6b625fbcfd233a73505870d8738a2f4599", [:rebar3], [], "hexpm", "2d1419bd9dda6a206d7b5852179511722e2b18812310d304620c7bd92a13fcef"},
}
